
Microsoft Visual Studio Solution File, Format Version 12.00
Project("{FAE04EC0-301F-11D3-BF4B-00C04F79EFBC}") = "EM.Web", "EM.Web\EM.Web.csproj", "{2B1EFA4B-8FCC-4A39-8F0C-A2B456DEC89B}"
EndProject
Project("{FAE04EC0-301F-11D3-BF4B-00C04F79EFBC}") = "EM.Core", "EM.Core\EM.Core.csproj", "{3475E368-949D-44D6-9226-D21FBE92FCF4}"
EndProject
Project("{FAE04EC0-301F-11D3-BF4B-00C04F79EFBC}") = "EM.Application", "EM.Application\EM.Application.csproj", "{8D53BF43-BA51-40B4-8C31-3C16C0874BEB}"
EndProject
Project("{FAE04EC0-301F-11D3-BF4B-00C04F79EFBC}") = "EM.Infrastructure", "EM.Infrastructure\EM.Infrastructure.csproj", "{E18EE364-2300-4694-9F23-34B58C8AF29D}"
EndProject
Project("{FAE04EC0-301F-11D3-BF4B-00C04F79EFBC}") = "EM.Application.CQRS", "EM.Application.CQRS\EM.Application.CQRS.csproj", "{E68A132F-3AB0-461D-BCE8-A1ADFD760BD6}"
EndProject
Project("{FAE04EC0-301F-11D3-BF4B-00C04F79EFBC}") = "EM.Test", "EM.Test\EM.Test.csproj", "{93182798-D7C5-4934-A1B8-86F8C01C90EF}"
EndProject
Project("{FAE04EC0-301F-11D3-BF4B-00C04F79EFBC}") = "AppHost", "AppHost\AppHost.csproj", "{4A3E474E-2C91-45B4-AA21-08777C701477}"
EndProject
Global
	GlobalSection(SolutionConfigurationPlatforms) = preSolution
		Debug|Any CPU = Debug|Any CPU
		Release|Any CPU = Release|Any CPU
	EndGlobalSection
	GlobalSection(ProjectConfigurationPlatforms) = postSolution
		{2B1EFA4B-8FCC-4A39-8F0C-A2B456DEC89B}.Debug|Any CPU.ActiveCfg = Debug|Any CPU
		{2B1EFA4B-8FCC-4A39-8F0C-A2B456DEC89B}.Debug|Any CPU.Build.0 = Debug|Any CPU
		{2B1EFA4B-8FCC-4A39-8F0C-A2B456DEC89B}.Release|Any CPU.ActiveCfg = Release|Any CPU
		{2B1EFA4B-8FCC-4A39-8F0C-A2B456DEC89B}.Release|Any CPU.Build.0 = Release|Any CPU
		{3475E368-949D-44D6-9226-D21FBE92FCF4}.Debug|Any CPU.ActiveCfg = Debug|Any CPU
		{3475E368-949D-44D6-9226-D21FBE92FCF4}.Debug|Any CPU.Build.0 = Debug|Any CPU
		{3475E368-949D-44D6-9226-D21FBE92FCF4}.Release|Any CPU.ActiveCfg = Release|Any CPU
		{3475E368-949D-44D6-9226-D21FBE92FCF4}.Release|Any CPU.Build.0 = Release|Any CPU
		{8D53BF43-BA51-40B4-8C31-3C16C0874BEB}.Debug|Any CPU.ActiveCfg = Debug|Any CPU
		{8D53BF43-BA51-40B4-8C31-3C16C0874BEB}.Debug|Any CPU.Build.0 = Debug|Any CPU
		{8D53BF43-BA51-40B4-8C31-3C16C0874BEB}.Release|Any CPU.ActiveCfg = Release|Any CPU
		{8D53BF43-BA51-40B4-8C31-3C16C0874BEB}.Release|Any CPU.Build.0 = Release|Any CPU
		{E18EE364-2300-4694-9F23-34B58C8AF29D}.Debug|Any CPU.ActiveCfg = Debug|Any CPU
		{E18EE364-2300-4694-9F23-34B58C8AF29D}.Debug|Any CPU.Build.0 = Debug|Any CPU
		{E18EE364-2300-4694-9F23-34B58C8AF29D}.Release|Any CPU.ActiveCfg = Release|Any CPU
		{E18EE364-2300-4694-9F23-34B58C8AF29D}.Release|Any CPU.Build.0 = Release|Any CPU
		{E68A132F-3AB0-461D-BCE8-A1ADFD760BD6}.Debug|Any CPU.ActiveCfg = Debug|Any CPU
		{E68A132F-3AB0-461D-BCE8-A1ADFD760BD6}.Debug|Any CPU.Build.0 = Debug|Any CPU
		{E68A132F-3AB0-461D-BCE8-A1ADFD760BD6}.Release|Any CPU.ActiveCfg = Release|Any CPU
		{E68A132F-3AB0-461D-BCE8-A1ADFD760BD6}.Release|Any CPU.Build.0 = Release|Any CPU
		{2C438B6D-8007-4D7D-946B-6E8E23D8F86D}.Debug|Any CPU.ActiveCfg = Debug|Any CPU
		{2C438B6D-8007-4D7D-946B-6E8E23D8F86D}.Debug|Any CPU.Build.0 = Debug|Any CPU
		{2C438B6D-8007-4D7D-946B-6E8E23D8F86D}.Release|Any CPU.ActiveCfg = Release|Any CPU
		{2C438B6D-8007-4D7D-946B-6E8E23D8F86D}.Release|Any CPU.Build.0 = Release|Any CPU
		{93182798-D7C5-4934-A1B8-86F8C01C90EF}.Debug|Any CPU.ActiveCfg = Debug|Any CPU
		{93182798-D7C5-4934-A1B8-86F8C01C90EF}.Debug|Any CPU.Build.0 = Debug|Any CPU
		{93182798-D7C5-4934-A1B8-86F8C01C90EF}.Release|Any CPU.ActiveCfg = Release|Any CPU
		{93182798-D7C5-4934-A1B8-86F8C01C90EF}.Release|Any CPU.Build.0 = Release|Any CPU
		{4A3E474E-2C91-45B4-AA21-08777C701477}.Debug|Any CPU.ActiveCfg = Debug|Any CPU
		{4A3E474E-2C91-45B4-AA21-08777C701477}.Debug|Any CPU.Build.0 = Debug|Any CPU
		{4A3E474E-2C91-45B4-AA21-08777C701477}.Release|Any CPU.ActiveCfg = Release|Any CPU
		{4A3E474E-2C91-45B4-AA21-08777C701477}.Release|Any CPU.Build.0 = Release|Any CPU
	EndGlobalSection
EndGlobal
